{
  "name": "einbaum.bnald.lib.unb.ca",
  "version": "0.9",
  "lockfileVersion": 2,
  "requires": true,
  "packages": {
    "": {
      "name": "einbaum.bnald.lib.unb.ca",
      "version": "0.9",
      "dependencies": {
        "@unb-libraries/cypress-drupal": "github:unb-libraries/cypress-drupal#12.x-9.x-1.x",
        "@unb-libraries/einbaum": "file:/home/pschilf/Projects/einbaum"
      }
    },
    "../einbaum": {
      "name": "@unb-libraries/einbaum",
      "version": "0.0.1",
      "license": "MIT",
      "dependencies": {
        "cypress": "^12.0.1",
        "glob": "^8.0.3",
        "lodash.merge": "^4.6.2",
        "lodash.snakecase": "^4.1.1"
      },
      "bin": {
        "einbaum": "cli.js"
      }
    },
    "node_modules/@unb-libraries/cypress-drupal": {
      "version": "0.2.0",
      "resolved": "git+ssh://git@github.com/unb-libraries/cypress-drupal.git#8e0475afb07fef6e7048a9f2f97b02b936d49e03",
      "license": "MIT",
      "dependencies": {
        "yaml": "^2.1.3"
      }
    },
    "node_modules/@unb-libraries/einbaum": {
      "resolved": "../einbaum",
      "link": true
    },
    "node_modules/yaml": {
      "version": "2.2.1",
      "resolved": "https://registry.npmjs.org/yaml/-/yaml-2.2.1.tgz",
      "integrity": "sha512-e0WHiYql7+9wr4cWMx3TVQrNwejKaEe7/rHNmQmqRjazfOP5W8PB6Jpebb5o6fIapbz9o9+2ipcaTM2ZwDI6lw==",
      "engines": {
        "node": ">= 14"
      }
    }
  },
  "dependencies": {
    "@unb-libraries/cypress-drupal": {
      "version": "git+ssh://git@github.com/unb-libraries/cypress-drupal.git#8e0475afb07fef6e7048a9f2f97b02b936d49e03",
      "from": "@unb-libraries/cypress-drupal@github:unb-libraries/cypress-drupal#12.x-9.x-1.x",
      "requires": {
        "yaml": "^2.1.3"
      }
    },
    "@unb-libraries/einbaum": {
      "version": "file:../einbaum",
      "requires": {
        "cypress": "^12.0.1",
        "glob": "^8.0.3",
        "lodash.merge": "^4.6.2",
        "lodash.snakecase": "^4.1.1"
      }
    },
    "yaml": {
      "version": "2.2.1",
      "resolved": "https://registry.npmjs.org/yaml/-/yaml-2.2.1.tgz",
      "integrity": "sha512-e0WHiYql7+9wr4cWMx3TVQrNwejKaEe7/rHNmQmqRjazfOP5W8PB6Jpebb5o6fIapbz9o9+2ipcaTM2ZwDI6lw=="
    }
  }
}
